
Microsoft Visual Studio Solution File, Format Version 12.00
# Visual Studio Version 17
VisualStudioVersion = 17.9.34616.47
MinimumVisualStudioVersion = 10.0.40219.1
Project("{8BC9CEB8-8B4A-11D0-8D11-00A0C91BC942}") = "IntoOOP", "IntoOOP\IntoOOP.vcxproj", "{E35DF2B2-E4C3-460D-99D9-45781AB8DB31}"
EndProject
Global
	GlobalSection(SolutionConfigurationPlatforms) = preSolution
		Debug|x64 = Debug|x64
		Debug|x86 = Debug|x86
		Release|x64 = Release|x64
		Release|x86 = Release|x86
	EndGlobalSection
	GlobalSection(ProjectConfigurationPlatforms) = postSolution
		{E35DF2B2-E4C3-460D-99D9-45781AB8DB31}.Debug|x64.ActiveCfg = Debug|x64
		{E35DF2B2-E4C3-460D-99D9-45781AB8DB31}.Debug|x64.Build.0 = Debug|x64
		{E35DF2B2-E4C3-460D-99D9-45781AB8DB31}.Debug|x86.ActiveCfg = Debug|Win32
		{E35DF2B2-E4C3-460D-99D9-45781AB8DB31}.Debug|x86.Build.0 = Debug|Win32
		{E35DF2B2-E4C3-460D-99D9-45781AB8DB31}.Release|x64.ActiveCfg = Release|x64
		{E35DF2B2-E4C3-460D-99D9-45781AB8DB31}.Release|x64.Build.0 = Release|x64
		{E35DF2B2-E4C3-460D-99D9-45781AB8DB31}.Release|x86.ActiveCfg = Release|Win32
		{E35DF2B2-E4C3-460D-99D9-45781AB8DB31}.Release|x86.Build.0 = Release|Win32
	EndGlobalSection
	GlobalSection(SolutionProperties) = preSolution
		HideSolutionNode = FALSE
	EndGlobalSection
	GlobalSection(ExtensibilityGlobals) = postSolution
		SolutionGuid = {2CFBE04D-5391-4183-BF4B-9A9AA59A0095}
	EndGlobalSection
EndGlobal
